// !$*UTF8*$!
{
	archiveVersion = 1;
	classes = {
	};
	objectVersion = 56;
	objects = {

/* Begin PBXBuildFile section */
		31938E312B7108D70096E7FE /* WalletManagerApp.swift in Sources */ = {isa = PBXBuildFile; fileRef = 31938E302B7108D70096E7FE /* WalletManagerApp.swift */; };
		31938E332B7108D70096E7FE /* ContentView.swift in Sources */ = {isa = PBXBuildFile; fileRef = 31938E322B7108D70096E7FE /* ContentView.swift */; };
		31938E352B7108DA0096E7FE /* Assets.xcassets in Resources */ = {isa = PBXBuildFile; fileRef = 31938E342B7108DA0096E7FE /* Assets.xcassets */; };
		31938E382B7108DA0096E7FE /* Preview Assets.xcassets in Resources */ = {isa = PBXBuildFile; fileRef = 31938E372B7108DA0096E7FE /* Preview Assets.xcassets */; };
		31938E3F2B710B2F0096E7FE /* Sequence+Extensions.swift in Sources */ = {isa = PBXBuildFile; fileRef = 31938E3E2B710B2F0096E7FE /* Sequence+Extensions.swift */; };
		31938E412B710C0B0096E7FE /* AnimationValue.swift in Sources */ = {isa = PBXBuildFile; fileRef = 31938E402B710C0B0096E7FE /* AnimationValue.swift */; };
		31938E432B710D870096E7FE /* PickerModel.swift in Sources */ = {isa = PBXBuildFile; fileRef = 31938E422B710D860096E7FE /* PickerModel.swift */; };
		31938E452B710DEF0096E7FE /* WalletModel.swift in Sources */ = {isa = PBXBuildFile; fileRef = 31938E442B710DEF0096E7FE /* WalletModel.swift */; };
		31938E482B710E750096E7FE /* InOutCome.swift in Sources */ = {isa = PBXBuildFile; fileRef = 31938E472B710E750096E7FE /* InOutCome.swift */; };
		31938E4A2B710EBA0096E7FE /* ExpensesViewModel.swift in Sources */ = {isa = PBXBuildFile; fileRef = 31938E492B710EBA0096E7FE /* ExpensesViewModel.swift */; };
		31938E4C2B7112BD0096E7FE /* PickerView.swift in Sources */ = {isa = PBXBuildFile; fileRef = 31938E4B2B7112BD0096E7FE /* PickerView.swift */; };
		31938E4E2B7113BD0096E7FE /* ExpenseSumView.swift in Sources */ = {isa = PBXBuildFile; fileRef = 31938E4D2B7113BD0096E7FE /* ExpenseSumView.swift */; };
		31938E502B7114E40096E7FE /* ExpenseBarChart.swift in Sources */ = {isa = PBXBuildFile; fileRef = 31938E4F2B7114E40096E7FE /* ExpenseBarChart.swift */; };
/* End PBXBuildFile section */

/* Begin PBXFileReference section */
		31938E2D2B7108D70096E7FE /* WalletManager.app */ = {isa = PBXFileReference; explicitFileType = wrapper.application; includeInIndex = 0; path = WalletManager.app; sourceTree = BUILT_PRODUCTS_DIR; };
		31938E302B7108D70096E7FE /* WalletManagerApp.swift */ = {isa = PBXFileReference; lastKnownFileType = sourcecode.swift; path = WalletManagerApp.swift; sourceTree = "<group>"; };
		31938E322B7108D70096E7FE /* ContentView.swift */ = {isa = PBXFileReference; lastKnownFileType = sourcecode.swift; path = ContentView.swift; sourceTree = "<group>"; };
		31938E342B7108DA0096E7FE /* Assets.xcassets */ = {isa = PBXFileReference; lastKnownFileType = folder.assetcatalog; path = Assets.xcassets; sourceTree = "<group>"; };
		31938E372B7108DA0096E7FE /* Preview Assets.xcassets */ = {isa = PBXFileReference; lastKnownFileType = folder.assetcatalog; path = "Preview Assets.xcassets"; sourceTree = "<group>"; };
		31938E3E2B710B2F0096E7FE /* Sequence+Extensions.swift */ = {isa = PBXFileReference; lastKnownFileType = sourcecode.swift; path = "Sequence+Extensions.swift"; sourceTree = "<group>"; };
		31938E402B710C0B0096E7FE /* AnimationValue.swift */ = {isa = PBXFileReference; lastKnownFileType = sourcecode.swift; path = AnimationValue.swift; sourceTree = "<group>"; };
		31938E422B710D860096E7FE /* PickerModel.swift */ = {isa = PBXFileReference; lastKnownFileType = sourcecode.swift; path = PickerModel.swift; sourceTree = "<group>"; };
		31938E442B710DEF0096E7FE /* WalletModel.swift */ = {isa = PBXFileReference; lastKnownFileType = sourcecode.swift; path = WalletModel.swift; sourceTree = "<group>"; };
		31938E472B710E750096E7FE /* InOutCome.swift */ = {isa = PBXFileReference; lastKnownFileType = sourcecode.swift; path = InOutCome.swift; sourceTree = "<group>"; };
		31938E492B710EBA0096E7FE /* ExpensesViewModel.swift */ = {isa = PBXFileReference; lastKnownFileType = sourcecode.swift; path = ExpensesViewModel.swift; sourceTree = "<group>"; };
		31938E4B2B7112BD0096E7FE /* PickerView.swift */ = {isa = PBXFileReference; lastKnownFileType = sourcecode.swift; path = PickerView.swift; sourceTree = "<group>"; };
		31938E4D2B7113BD0096E7FE /* ExpenseSumView.swift */ = {isa = PBXFileReference; lastKnownFileType = sourcecode.swift; path = ExpenseSumView.swift; sourceTree = "<group>"; };
		31938E4F2B7114E40096E7FE /* ExpenseBarChart.swift */ = {isa = PBXFileReference; lastKnownFileType = sourcecode.swift; path = ExpenseBarChart.swift; sourceTree = "<group>"; };
/* End PBXFileReference section */

/* Begin PBXFrameworksBuildPhase section */
		31938E2A2B7108D70096E7FE /* Frameworks */ = {
			isa = PBXFrameworksBuildPhase;
			buildActionMask = 2147483647;
			files = (
			);
			runOnlyForDeploymentPostprocessing = 0;
		};
/* End PBXFrameworksBuildPhase section */

/* Begin PBXGroup section */
		31938E242B7108D70096E7FE = {
			isa = PBXGroup;
			children = (
				31938E2F2B7108D70096E7FE /* WalletManager */,
				31938E2E2B7108D70096E7FE /* Products */,
			);
			sourceTree = "<group>";
		};
		31938E2E2B7108D70096E7FE /* Products */ = {
			isa = PBXGroup;
			children = (
				31938E2D2B7108D70096E7FE /* WalletManager.app */,
			);
			name = Products;
			sourceTree = "<group>";
		};
		31938E2F2B7108D70096E7FE /* WalletManager */ = {
			isa = PBXGroup;
			children = (
				31938E302B7108D70096E7FE /* WalletManagerApp.swift */,
				31938E492B710EBA0096E7FE /* ExpensesViewModel.swift */,
				31938E322B7108D70096E7FE /* ContentView.swift */,
				31938E7E2B7148100096E7FE /* Helpers */,
				31938E7D2B7147D90096E7FE /* View */,
				31938E462B710E450096E7FE /* Model */,
				31938E342B7108DA0096E7FE /* Assets.xcassets */,
				31938E362B7108DA0096E7FE /* Preview Content */,
			);
			path = WalletManager;
			sourceTree = "<group>";
		};
		31938E362B7108DA0096E7FE /* Preview Content */ = {
			isa = PBXGroup;
			children = (
				31938E372B7108DA0096E7FE /* Preview Assets.xcassets */,
			);
			path = "Preview Content";
			sourceTree = "<group>";
		};
		31938E462B710E450096E7FE /* Model */ = {
			isa = PBXGroup;
			children = (
				31938E422B710D860096E7FE /* PickerModel.swift */,
				31938E442B710DEF0096E7FE /* WalletModel.swift */,
				31938E472B710E750096E7FE /* InOutCome.swift */,
			);
			path = Model;
			sourceTree = "<group>";
		};
		31938E7D2B7147D90096E7FE /* View */ = {
			isa = PBXGroup;
			children = (
				31938E4D2B7113BD0096E7FE /* ExpenseSumView.swift */,
				31938E4B2B7112BD0096E7FE /* PickerView.swift */,
			);
			path = View;
			sourceTree = "<group>";
		};
		31938E7E2B7148100096E7FE /* Helpers */ = {
			isa = PBXGroup;
			children = (
				31938E3E2B710B2F0096E7FE /* Sequence+Extensions.swift */,
				31938E4F2B7114E40096E7FE /* ExpenseBarChart.swift */,
				31938E402B710C0B0096E7FE /* AnimationValue.swift */,
			);
			path = Helpers;
			sourceTree = "<group>";
		};
/* End PBXGroup section */

/* Begin PBXNativeTarget section */
		31938E2C2B7108D70096E7FE /* WalletManager */ = {
			isa = PBXNativeTarget;
			buildConfigurationList = 31938E3B2B7108DA0096E7FE /* Build configuration list for PBXNativeTarget "WalletManager" */;
			buildPhases = (
				31938E292B7108D70096E7FE /* Sources */,
				31938E2A2B7108D70096E7FE /* Frameworks */,
				31938E2B2B7108D70096E7FE /* Resources */,
			);
			buildRules = (
			);
			dependencies = (
			);
			name = WalletManager;
			productName = WalletManager;
			productReference = 31938E2D2B7108D70096E7FE /* WalletManager.app */;
			productType = "com.apple.product-type.application";
		};
/* End PBXNativeTarget section */

/* Begin PBXProject section */
		31938E252B7108D70096E7FE /* Project object */ = {
			isa = PBXProject;
			attributes = {
				BuildIndependentTargetsInParallel = 1;
				LastSwiftUpdateCheck = 1510;
				LastUpgradeCheck = 1510;
				TargetAttributes = {
					31938E2C2B7108D70096E7FE = {
						CreatedOnToolsVersion = 15.1;
					};
				};
			};
			buildConfigurationList = 31938E282B7108D70096E7FE /* Build configuration list for PBXProject "WalletManager" */;
			compatibilityVersion = "Xcode 14.0";
			developmentRegion = en;
			hasScannedForEncodings = 0;
			knownRegions = (
				en,
				Base,
			);
			mainGroup = 31938E242B7108D70096E7FE;
			productRefGroup = 31938E2E2B7108D70096E7FE /* Products */;
			projectDirPath = "";
			projectRoot = "";
			targets = (
				31938E2C2B7108D70096E7FE /* WalletManager */,
			);
		};
/* End PBXProject section */

/* Begin PBXResourcesBuildPhase section */
		31938E2B2B7108D70096E7FE /* Resources */ = {
			isa = PBXResourcesBuildPhase;
			buildActionMask = 2147483647;
			files = (
				31938E382B7108DA0096E7FE /* Preview Assets.xcassets in Resources */,
				31938E352B7108DA0096E7FE /* Assets.xcassets in Resources */,
			);
			runOnlyForDeploymentPostprocessing = 0;
		};
/* End PBXResourcesBuildPhase section */

/* Begin PBXSourcesBuildPhase section */
		31938E292B7108D70096E7FE /* Sources */ = {
			isa = PBXSourcesBuildPhase;
			buildActionMask = 2147483647;
			files = (
				31938E452B710DEF0096E7FE /* WalletModel.swift in Sources */,
				31938E4E2B7113BD0096E7FE /* ExpenseSumView.swift in Sources */,
				31938E3F2B710B2F0096E7FE /* Sequence+Extensions.swift in Sources */,
				31938E4A2B710EBA0096E7FE /* ExpensesViewModel.swift in Sources */,
				31938E332B7108D70096E7FE /* ContentView.swift in Sources */,
				31938E4C2B7112BD0096E7FE /* PickerView.swift in Sources */,
				31938E412B710C0B0096E7FE /* AnimationValue.swift in Sources */,
				31938E432B710D870096E7FE /* PickerModel.swift in Sources */,
				31938E502B7114E40096E7FE /* ExpenseBarChart.swift in Sources */,
				31938E312B7108D70096E7FE /* WalletManagerApp.swift in Sources */,
				31938E482B710E750096E7FE /* InOutCome.swift in Sources */,
			);
			runOnlyForDeploymentPostprocessing = 0;
		};
/* End PBXSourcesBuildPhase section */

/* Begin XCBuildConfiguration section */
		31938E392B7108DA0096E7FE /* Debug */ = {
			isa = XCBuildConfiguration;
			buildSettings = {
				ALWAYS_SEARCH_USER_PATHS = NO;
				ASSETCATALOG_COMPILER_GENERATE_SWIFT_ASSET_SYMBOL_EXTENSIONS = YES;
				CLANG_ANALYZER_NONNULL = YES;
				CLANG_ANALYZER_NUMBER_OBJECT_CONVERSION = YES_AGGRESSIVE;
				CLANG_CXX_LANGUAGE_STANDARD = "gnu++20";
				CLANG_ENABLE_MODULES = YES;
				CLANG_ENABLE_OBJC_ARC = YES;
				CLANG_ENABLE_OBJC_WEAK = YES;
				CLANG_WARN_BLOCK_CAPTURE_AUTORELEASING = YES;
				CLANG_WARN_BOOL_CONVERSION = YES;
				CLANG_WARN_COMMA = YES;
				CLANG_WARN_CONSTANT_CONVERSION = YES;
				CLANG_WARN_DEPRECATED_OBJC_IMPLEMENTATIONS = YES;
				CLANG_WARN_DIRECT_OBJC_ISA_USAGE = YES_ERROR;
				CLANG_WARN_DOCUMENTATION_COMMENTS = YES;
				CLANG_WARN_EMPTY_BODY = YES;
				CLANG_WARN_ENUM_CONVERSION = YES;
				CLANG_WARN_INFINITE_RECURSION = YES;
				CLANG_WARN_INT_CONVERSION = YES;
				CLANG_WARN_NON_LITERAL_NULL_CONVERSION = YES;
				CLANG_WARN_OBJC_IMPLICIT_RETAIN_SELF = YES;
				CLANG_WARN_OBJC_LITERAL_CONVERSION = YES;
				CLANG_WARN_OBJC_ROOT_CLASS = YES_ERROR;
				CLANG_WARN_QUOTED_INCLUDE_IN_FRAMEWORK_HEADER = YES;
				CLANG_WARN_RANGE_LOOP_ANALYSIS = YES;
				CLANG_WARN_STRICT_PROTOTYPES = YES;
				CLANG_WARN_SUSPICIOUS_MOVE = YES;
				CLANG_WARN_UNGUARDED_AVAILABILITY = YES_AGGRESSIVE;
				CLANG_WARN_UNREACHABLE_CODE = YES;
				CLANG_WARN__DUPLICATE_METHOD_MATCH = YES;
				COPY_PHASE_STRIP = NO;
				DEBUG_INFORMATION_FORMAT = dwarf;
				ENABLE_STRICT_OBJC_MSGSEND = YES;
				ENABLE_TESTABILITY = YES;
				ENABLE_USER_SCRIPT_SANDBOXING = YES;
				GCC_C_LANGUAGE_STANDARD = gnu17;
				GCC_DYNAMIC_NO_PIC = NO;
				GCC_NO_COMMON_BLOCKS = YES;
				GCC_OPTIMIZATION_LEVEL = 0;
				GCC_PREPROCESSOR_DEFINITIONS = (
					"DEBUG=1",
					"$(inherited)",
				);
				GCC_WARN_64_TO_32_BIT_CONVERSION = YES;
				GCC_WARN_ABOUT_RETURN_TYPE = YES_ERROR;
				GCC_WARN_UNDECLARED_SELECTOR = YES;
				GCC_WARN_UNINITIALIZED_AUTOS = YES_AGGRESSIVE;
				GCC_WARN_UNUSED_FUNCTION = YES;
				GCC_WARN_UNUSED_VARIABLE = YES;
				IPHONEOS_DEPLOYMENT_TARGET = 17.2;
				LOCALIZATION_PREFERS_STRING_CATALOGS = YES;
				MTL_ENABLE_DEBUG_INFO = INCLUDE_SOURCE;
				MTL_FAST_MATH = YES;
				ONLY_ACTIVE_ARCH = YES;
				SDKROOT = iphoneos;
				SWIFT_ACTIVE_COMPILATION_CONDITIONS = "DEBUG $(inherited)";
				SWIFT_OPTIMIZATION_LEVEL = "-Onone";
			};
			name = Debug;
		};
		31938E3A2B7108DA0096E7FE /* Release */ = {
			isa = XCBuildConfiguration;
			buildSettings = {
				ALWAYS_SEARCH_USER_PATHS = NO;
				ASSETCATALOG_COMPILER_GENERATE_SWIFT_ASSET_SYMBOL_EXTENSIONS = YES;
				CLANG_ANALYZER_NONNULL = YES;
				CLANG_ANALYZER_NUMBER_OBJECT_CONVERSION = YES_AGGRESSIVE;
				CLANG_CXX_LANGUAGE_STANDARD = "gnu++20";
				CLANG_ENABLE_MODULES = YES;
				CLANG_ENABLE_OBJC_ARC = YES;
				CLANG_ENABLE_OBJC_WEAK = YES;
				CLANG_WARN_BLOCK_CAPTURE_AUTORELEASING = YES;
				CLANG_WARN_BOOL_CONVERSION = YES;
				CLANG_WARN_COMMA = YES;
				CLANG_WARN_CONSTANT_CONVERSION = YES;
				CLANG_WARN_DEPRECATED_OBJC_IMPLEMENTATIONS = YES;
				CLANG_WARN_DIRECT_OBJC_ISA_USAGE = YES_ERROR;
				CLANG_WARN_DOCUMENTATION_COMMENTS = YES;
				CLANG_WARN_EMPTY_BODY = YES;
				CLANG_WARN_ENUM_CONVERSION = YES;
				CLANG_WARN_INFINITE_RECURSION = YES;
				CLANG_WARN_INT_CONVERSION = YES;
				CLANG_WARN_NON_LITERAL_NULL_CONVERSION = YES;
				CLANG_WARN_OBJC_IMPLICIT_RETAIN_SELF = YES;
				CLANG_WARN_OBJC_LITERAL_CONVERSION = YES;
				CLANG_WARN_OBJC_ROOT_CLASS = YES_ERROR;
				CLANG_WARN_QUOTED_INCLUDE_IN_FRAMEWORK_HEADER = YES;
				CLANG_WARN_RANGE_LOOP_ANALYSIS = YES;
				CLANG_WARN_STRICT_PROTOTYPES = YES;
				CLANG_WARN_SUSPICIOUS_MOVE = YES;
				CLANG_WARN_UNGUARDED_AVAILABILITY = YES_AGGRESSIVE;
				CLANG_WARN_UNREACHABLE_CODE = YES;
				CLANG_WARN__DUPLICATE_METHOD_MATCH = YES;
				COPY_PHASE_STRIP = NO;
				DEBUG_INFORMATION_FORMAT = "dwarf-with-dsym";
				ENABLE_NS_ASSERTIONS = NO;
				ENABLE_STRICT_OBJC_MSGSEND = YES;
				ENABLE_USER_SCRIPT_SANDBOXING = YES;
				GCC_C_LANGUAGE_STANDARD = gnu17;
				GCC_NO_COMMON_BLOCKS = YES;
				GCC_WARN_64_TO_32_BIT_CONVERSION = YES;
				GCC_WARN_ABOUT_RETURN_TYPE = YES_ERROR;
				GCC_WARN_UNDECLARED_SELECTOR = YES;
				GCC_WARN_UNINITIALIZED_AUTOS = YES_AGGRESSIVE;
				GCC_WARN_UNUSED_FUNCTION = YES;
				GCC_WARN_UNUSED_VARIABLE = YES;
				IPHONEOS_DEPLOYMENT_TARGET = 17.2;
				LOCALIZATION_PREFERS_STRING_CATALOGS = YES;
				MTL_ENABLE_DEBUG_INFO = NO;
				MTL_FAST_MATH = YES;
				SDKROOT = iphoneos;
				SWIFT_COMPILATION_MODE = wholemodule;
				VALIDATE_PRODUCT = YES;
			};
			name = Release;
		};
		31938E3C2B7108DA0096E7FE /* Debug */ = {
			isa = XCBuildConfiguration;
			buildSettings = {
				ASSETCATALOG_COMPILER_APPICON_NAME = AppIcon;
				ASSETCATALOG_COMPILER_GLOBAL_ACCENT_COLOR_NAME = AccentColor;
				CODE_SIGN_STYLE = Automatic;
				CURRENT_PROJECT_VERSION = 1;
				DEVELOPMENT_ASSET_PATHS = "\"WalletManager/Preview Content\"";
				ENABLE_PREVIEWS = YES;
				GENERATE_INFOPLIST_FILE = YES;
				INFOPLIST_KEY_UIApplicationSceneManifest_Generation = YES;
				INFOPLIST_KEY_UIApplicationSupportsIndirectInputEvents = YES;
				INFOPLIST_KEY_UILaunchScreen_Generation = YES;
				INFOPLIST_KEY_UISupportedInterfaceOrientations_iPad = "UIInterfaceOrientationPortrait UIInterfaceOrientationPortraitUpsideDown UIInterfaceOrientationLandscapeLeft UIInterfaceOrientationLandscapeRight";
				INFOPLIST_KEY_UISupportedInterfaceOrientations_iPhone = "UIInterfaceOrientationPortrait UIInterfaceOrientationLandscapeLeft UIInterfaceOrientationLandscapeRight";
				INFOPLIST_KEY_UIUserInterfaceStyle = Dark;
				LD_RUNPATH_SEARCH_PATHS = (
					"$(inherited)",
					"@executable_path/Frameworks",
				);
				MARKETING_VERSION = 1.0;
				PRODUCT_BUNDLE_IDENTIFIER = test.app.WalletManager;
				PRODUCT_NAME = "$(TARGET_NAME)";
				SWIFT_EMIT_LOC_STRINGS = YES;
				SWIFT_VERSION = 5.0;
				TARGETED_DEVICE_FAMILY = "1,2";
			};
			name = Debug;
		};
		31938E3D2B7108DA0096E7FE /* Release */ = {
			isa = XCBuildConfiguration;
			buildSettings = {
				ASSETCATALOG_COMPILER_APPICON_NAME = AppIcon;
				ASSETCATALOG_COMPILER_GLOBAL_ACCENT_COLOR_NAME = AccentColor;
				CODE_SIGN_STYLE = Automatic;
				CURRENT_PROJECT_VERSION = 1;
				DEVELOPMENT_ASSET_PATHS = "\"WalletManager/Preview Content\"";
				ENABLE_PREVIEWS = YES;
				GENERATE_INFOPLIST_FILE = YES;
				INFOPLIST_KEY_UIApplicationSceneManifest_Generation = YES;
				INFOPLIST_KEY_UIApplicationSupportsIndirectInputEvents = YES;
				INFOPLIST_KEY_UILaunchScreen_Generation = YES;
				INFOPLIST_KEY_UISupportedInterfaceOrientations_iPad = "UIInterfaceOrientationPortrait UIInterfaceOrientationPortraitUpsideDown UIInterfaceOrientationLandscapeLeft UIInterfaceOrientationLandscapeRight";
				INFOPLIST_KEY_UISupportedInterfaceOrientations_iPhone = "UIInterfaceOrientationPortrait UIInterfaceOrientationLandscapeLeft UIInterfaceOrientationLandscapeRight";
				INFOPLIST_KEY_UIUserInterfaceStyle = Dark;
				LD_RUNPATH_SEARCH_PATHS = (
					"$(inherited)",
					"@executable_path/Frameworks",
				);
				MARKETING_VERSION = 1.0;
				PRODUCT_BUNDLE_IDENTIFIER = test.app.WalletManager;
				PRODUCT_NAME = "$(TARGET_NAME)";
				SWIFT_EMIT_LOC_STRINGS = YES;
				SWIFT_VERSION = 5.0;
				TARGETED_DEVICE_FAMILY = "1,2";
			};
			name = Release;
		};
/* End XCBuildConfiguration section */

/* Begin XCConfigurationList section */
		31938E282B7108D70096E7FE /* Build configuration list for PBXProject "WalletManager" */ = {
			isa = XCConfigurationList;
			buildConfigurations = (
				31938E392B7108DA0096E7FE /* Debug */,
				31938E3A2B7108DA0096E7FE /* Release */,
			);
			defaultConfigurationIsVisible = 0;
			defaultConfigurationName = Release;
		};
		31938E3B2B7108DA0096E7FE /* Build configuration list for PBXNativeTarget "WalletManager" */ = {
			isa = XCConfigurationList;
			buildConfigurations = (
				31938E3C2B7108DA0096E7FE /* Debug */,
				31938E3D2B7108DA0096E7FE /* Release */,
			);
			defaultConfigurationIsVisible = 0;
			defaultConfigurationName = Release;
		};
/* End XCConfigurationList section */
	};
	rootObject = 31938E252B7108D70096E7FE /* Project object */;
}
